
Microsoft Visual Studio Solution File, Format Version 12.00
# Visual Studio Version 16
VisualStudioVersion = 16.0.30611.23
MinimumVisualStudioVersion = 10.0.40219.1
Project("{FAE04EC0-301F-11D3-BF4B-00C04F79EFBC}") = "AsterixDecoder", "AsterixDecoder.csproj", "{312E933B-21E7-4831-95DB-366AB51F6FA2}"
EndProject
Global
	GlobalSection(SolutionConfigurationPlatforms) = preSolution
		Debug|Any CPU = Debug|Any CPU
		Release|Any CPU = Release|Any CPU
	EndGlobalSection
	GlobalSection(ProjectConfigurationPlatforms) = postSolution
		{312E933B-21E7-4831-95DB-366AB51F6FA2}.Debug|Any CPU.ActiveCfg = Debug|Any CPU
		{312E933B-21E7-4831-95DB-366AB51F6FA2}.Debug|Any CPU.Build.0 = Debug|Any CPU
		{312E933B-21E7-4831-95DB-366AB51F6FA2}.Release|Any CPU.ActiveCfg = Release|Any CPU
		{312E933B-21E7-4831-95DB-366AB51F6FA2}.Release|Any CPU.Build.0 = Release|Any CPU
	EndGlobalSection
	GlobalSection(SolutionProperties) = preSolution
		HideSolutionNode = FALSE
	EndGlobalSection
	GlobalSection(ExtensibilityGlobals) = postSolution
		SolutionGuid = {C0DE0DA8-54ED-4976-BC77-93EDCEEE6E69}
	EndGlobalSection
EndGlobal
